
Microsoft Visual Studio Solution File, Format Version 12.00
# Visual Studio Version 17
VisualStudioVersion = 17.0.32112.339
MinimumVisualStudioVersion = 10.0.40219.1
Project("{FAE04EC0-301F-11D3-BF4B-00C04F79EFBC}") = "Documents-backend", "Documents-backend.csproj", "{38148887-0D73-415C-B079-57F5E40F0738}"
EndProject
Project("{FAE04EC0-301F-11D3-BF4B-00C04F79EFBC}") = "Documents-notifications", "..\Documents-notifications\Documents-notifications.csproj", "{6005B85B-45F6-495F-A4B6-5E2128C8B85C}"
EndProject
Project("{FAE04EC0-301F-11D3-BF4B-00C04F79EFBC}") = "Documents-Entities", "..\Documents-Entities\Documents-Entities.csproj", "{2157A828-D4A5-45F5-A17A-870892E50116}"
EndProject
Global
	GlobalSection(SolutionConfigurationPlatforms) = preSolution
		Debug|Any CPU = Debug|Any CPU
		Release|Any CPU = Release|Any CPU
	EndGlobalSection
	GlobalSection(ProjectConfigurationPlatforms) = postSolution
		{38148887-0D73-415C-B079-57F5E40F0738}.Debug|Any CPU.ActiveCfg = Debug|Any CPU
		{38148887-0D73-415C-B079-57F5E40F0738}.Debug|Any CPU.Build.0 = Debug|Any CPU
		{38148887-0D73-415C-B079-57F5E40F0738}.Release|Any CPU.ActiveCfg = Release|Any CPU
		{38148887-0D73-415C-B079-57F5E40F0738}.Release|Any CPU.Build.0 = Release|Any CPU
		{6005B85B-45F6-495F-A4B6-5E2128C8B85C}.Debug|Any CPU.ActiveCfg = Debug|Any CPU
		{6005B85B-45F6-495F-A4B6-5E2128C8B85C}.Debug|Any CPU.Build.0 = Debug|Any CPU
		{6005B85B-45F6-495F-A4B6-5E2128C8B85C}.Release|Any CPU.ActiveCfg = Release|Any CPU
		{6005B85B-45F6-495F-A4B6-5E2128C8B85C}.Release|Any CPU.Build.0 = Release|Any CPU
		{2157A828-D4A5-45F5-A17A-870892E50116}.Debug|Any CPU.ActiveCfg = Debug|Any CPU
		{2157A828-D4A5-45F5-A17A-870892E50116}.Debug|Any CPU.Build.0 = Debug|Any CPU
		{2157A828-D4A5-45F5-A17A-870892E50116}.Release|Any CPU.ActiveCfg = Release|Any CPU
		{2157A828-D4A5-45F5-A17A-870892E50116}.Release|Any CPU.Build.0 = Release|Any CPU
	EndGlobalSection
	GlobalSection(SolutionProperties) = preSolution
		HideSolutionNode = FALSE
	EndGlobalSection
	GlobalSection(ExtensibilityGlobals) = postSolution
		SolutionGuid = {622E2694-8F56-475C-9FC9-A41AB8E23FC0}
	EndGlobalSection
EndGlobal
